<Solution>
  <Project Path="AbstractApp/AbstractApp.csproj" Id="5424d0a1-be2f-451e-a1b6-f48ba0cd4bc8" />
  <Project Path="AccountApp/AccountApp.csproj" Id="ef3ac34d-840f-4422-a4bb-0a4de9e9244c" />
  <Project Path="ArraysApp/ArraysApp.csproj" Id="688f748e-c38e-4057-a3d4-8180f417b3e2" />
  <Project Path="CitiesForApp/CitiesForApp.csproj" Id="5343b63d-5ae0-41a8-8e1e-270d579c05da" />
  <Project Path="CollectionsApp/CollectionsApp.csproj" Id="c0a3a220-9856-4fc8-94cf-3e4006c706cc" />
  <Project Path="DataTypes/DataTypes.csproj" />
  <Project Path="DoWhileApp/DoWhileApp.csproj" Id="a1d384e2-4a93-480e-94d1-c7cb15a05801" />
  <Project Path="ExtractCapitals/ExtractCapitals.csproj" Id="db70aedd-5707-40e3-9751-59752caf7f84" />
  <Project Path="FibonacciIterative/FibonacciIterative.csproj" Id="b2516f5f-f955-4303-bc29-d7933ac39b19" />
  <Project Path="FileManagementApp/FileManagementApp.csproj" Id="19da6171-7ec7-4664-80a1-07d819cce155" />
  <Project Path="FormatExceptionApp/FormatExceptionApp.csproj" Id="a577eb6d-b1ea-463f-b235-b1cf137ffa25" />
  <Project Path="HelloWorld/HelloWorld.csproj" />
  <Project Path="IfUseCases/IfUseCases.csproj" Id="409c55bf-92e4-43e7-8890-a58b195182f3" />
  <Project Path="InterfacesApp/InterfacesApp.csproj" Id="d2781d2b-3bb2-4881-ba7e-2b786932b80a" />
  <Project Path="KilometersApp/KilometersApp.csproj" />
  <Project Path="LinqApp/LinqApp.csproj" Id="5acaacb7-dd11-4d63-a825-028431725bf9" />
  <Project Path="LinqArrays/LinqArrays.csproj" Id="2a6df60d-0528-4767-8f8c-5f79d08c8106" />
  <Project Path="NullableApp/NullableStringApp.csproj" Id="5823f89a-6ab2-464f-9a66-e8d6935b269d" />
  <Project Path="NumberRead/NumberRead.csproj" />
  <Project Path="OOApp/OOApp.csproj" Id="791c0c76-edf8-4a0f-861f-1d06183f6b68" />
  <Project Path="OperatorOverloading/OperatorOverloading.csproj" Id="cc3ed74b-827b-4df5-966b-630dd8ac25a6" />
  <Project Path="PointApp/PointApp.csproj" Id="eb4fec77-268a-4ed3-b4fa-7dec9853dd52" />
  <Project Path="PositivesCount/PositivesCount.csproj" Id="d86ae6cc-dda1-4dd6-9214-5e44152f4819" />
  <Project Path="PowerApp/PowerApp.csproj" Id="e26a8ace-e47d-49f2-9216-33b72ddf5750" />
  <Project Path="PrintingApp/PrintingApp.csproj" />
  <Project Path="ProductsVat/ProductsVat.csproj" />
  <Project Path="ProductWhileApp/ProductWhileApp.csproj" Id="20c09918-f28d-4e59-8cae-7aeaf8966a06" />
  <Project Path="PyramidChallenge/PyramidChallenge.csproj" Id="6ca6c0a3-4326-4ca1-acd2-d5e9eb01abaf" />
  <Project Path="RegExApp/RegExApp.csproj" Id="d6347340-f431-44a9-b10a-0a4d6d6fb58d" />
  <Project Path="StackApp/StackApp.csproj" Id="80913eac-2659-413f-93f4-d157194bdbd2" />
  <Project Path="StreamReadWrite/StreamReadWrite.csproj" Id="947e149d-7c90-4938-9206-5afde8ba12a9" />
  <Project Path="StringsApp/StringsApp.csproj" Id="ccff98ba-e2f6-47ff-8cf8-a13b77143164" />
  <Project Path="SwapApp/SwapApp.csproj" Id="b0255944-ab86-47e1-b29a-711ad551762a" />
  <Project Path="SwitchApp/SwitchApp.csproj" Id="de69c9dd-cfaa-4ea5-a69b-2a8029e2876b" />
  <Project Path="UtilityClassesApp/UtilityClassesApp.csproj" Id="92a72ce8-dda3-4764-a0f3-bc1d0bcd88cd" />
  <Project Path="WebAppStarter10/WebAppStarter10.csproj" Id="6dfc5bb7-63de-4f5f-ba93-bd3002639238" />
  <Project Path="WhileApp/WhileApp.csproj" Id="05003de4-6244-47d3-98a1-9f05e6b31ee2" />
</Solution>
